<?xml version="1.0" encoding="utf-8"?>
<Project ToolsVersion="4.0" xmlns="http://schemas.microsoft.com/developer/msbuild/2003">
  <ItemGroup>
    <Filter Include="源文件">
      <UniqueIdentifier>{4FC737F1-C7A5-4376-A066-2A32D752A2FF}</UniqueIdentifier>
      <Extensions>cpp;c;cc;cxx;def;odl;idl;hpj;bat;asm;asmx</Extensions>
    </Filter>
    <Filter Include="头文件">
      <UniqueIdentifier>{93995380-89BD-4b04-88EB-625FBE52EBFB}</UniqueIdentifier>
      <Extensions>h;hh;hpp;hxx;hm;inl;inc;ipp;xsd</Extensions>
    </Filter>
    <Filter Include="资源文件">
      <UniqueIdentifier>{67DA6AB6-F800-4c08-8B7A-83BB121AAD01}</UniqueIdentifier>
      <Extensions>rc;ico;cur;bmp;dlg;rc2;rct;bin;rgs;gif;jpg;jpeg;jpe;resx;tiff;tif;png;wav;mfcribbon-ms</Extensions>
    </Filter>
    <Filter Include="源文件\C++primer中的代码">
      <UniqueIdentifier>{d5bfb478-3427-456c-9563-7089f1936f72}</UniqueIdentifier>
    </Filter>
    <Filter Include="源文件\OJ练习">
      <UniqueIdentifier>{eeaf7f4b-cd2c-4e38-8f6e-f3db81fec643}</UniqueIdentifier>
    </Filter>
    <Filter Include="源文件\OJ练习\19cpp上机考试A卷转普通练习">
      <UniqueIdentifier>{727d3caf-10f5-4497-8062-d24c82cfd241}</UniqueIdentifier>
    </Filter>
    <Filter Include="源文件\OJ练习\19-20%282%29第1次线上赛">
      <UniqueIdentifier>{cc574c3e-ad62-4270-8e38-07002e6385d9}</UniqueIdentifier>
    </Filter>
    <Filter Include="源文件\OJ练习\19-20%282%29第2次线上赛">
      <UniqueIdentifier>{50ac549e-10a1-4b54-bdf5-fbd1ed364efd}</UniqueIdentifier>
    </Filter>
    <Filter Include="源文件\OJ练习\练习题第9次（友元函数、友元类）">
      <UniqueIdentifier>{d5be17e9-b3dc-4894-b85b-59125f70ab52}</UniqueIdentifier>
    </Filter>
    <Filter Include="源文件\OJ练习\练习题第8次（类模板、成员函数模板）">
      <UniqueIdentifier>{8edf07cf-0151-4ec7-a9bb-60d7bb7c771d}</UniqueIdentifier>
    </Filter>
    <Filter Include="源文件\OJ练习\练习题第7次（链表）">
      <UniqueIdentifier>{8ed31e02-b635-43f3-983d-561f6665f4c5}</UniqueIdentifier>
    </Filter>
    <Filter Include="源文件\OJ练习\练习题第6次（对象数组和对象指针%29">
      <UniqueIdentifier>{876e0786-cfea-44f4-96db-f273b4ae9dfc}</UniqueIdentifier>
    </Filter>
    <Filter Include="源文件\OJ练习\练习题第5次（静态成员）">
      <UniqueIdentifier>{b3caa1e3-3c36-4655-8f45-d55ae2af9bd3}</UniqueIdentifier>
    </Filter>
    <Filter Include="源文件\OJ练习\练习题第4次（类的小小综合%29">
      <UniqueIdentifier>{dc526767-e718-411d-96d3-9e700bb4d5cd}</UniqueIdentifier>
    </Filter>
    <Filter Include="源文件\OJ练习\练习题第3次（构造函数、析构函数）">
      <UniqueIdentifier>{deb17070-0088-403c-accd-f81785651428}</UniqueIdentifier>
    </Filter>
    <Filter Include="源文件\OJ练习\练习题第2次（类的基础题）">
      <UniqueIdentifier>{9bbf3928-1c98-497c-a385-4aca88acf18a}</UniqueIdentifier>
    </Filter>
    <Filter Include="源文件\OJ练习\练习题第1次（智商康复训练）">
      <UniqueIdentifier>{a5e47460-84e1-4e19-a62c-b57aae026500}</UniqueIdentifier>
    </Filter>
  </ItemGroup>
  <ItemGroup>
    <ClCompile Include="构造函数03.cpp">
      <Filter>源文件\OJ练习\练习题第3次（构造函数、析构函数）</Filter>
    </ClCompile>
    <ClCompile Include="构造函数01.cpp">
      <Filter>源文件\OJ练习\练习题第3次（构造函数、析构函数）</Filter>
    </ClCompile>
    <ClCompile Include="构造函数02.cpp">
      <Filter>源文件\OJ练习\练习题第3次（构造函数、析构函数）</Filter>
    </ClCompile>
    <ClCompile Include="构造函数和析构函数03.cpp">
      <Filter>源文件\OJ练习\练习题第3次（构造函数、析构函数）</Filter>
    </ClCompile>
    <ClCompile Include="构造函数和析构函数01.cpp">
      <Filter>源文件\OJ练习\练习题第3次（构造函数、析构函数）</Filter>
    </ClCompile>
    <ClCompile Include="构造函数和析构函数02.cpp">
      <Filter>源文件\OJ练习\练习题第3次（构造函数、析构函数）</Filter>
    </ClCompile>
    <ClCompile Include="构造函数04.cpp">
      <Filter>源文件\OJ练习\练习题第4次（类的小小综合%29</Filter>
    </ClCompile>
    <ClCompile Include="拷贝构造函数.cpp">
      <Filter>源文件\OJ练习\练习题第4次（类的小小综合%29</Filter>
    </ClCompile>
    <ClCompile Include="内联函数和外联函数.cpp">
      <Filter>源文件\OJ练习\练习题第4次（类的小小综合%29</Filter>
    </ClCompile>
    <ClCompile Include="类的综合题05.cpp">
      <Filter>源文件\OJ练习\练习题第4次（类的小小综合%29</Filter>
    </ClCompile>
    <ClCompile Include="类的综合题01.cpp">
      <Filter>源文件\OJ练习\练习题第4次（类的小小综合%29</Filter>
    </ClCompile>
    <ClCompile Include="类的综合题02.cpp">
      <Filter>源文件\OJ练习\练习题第4次（类的小小综合%29</Filter>
    </ClCompile>
    <ClCompile Include="类的综合题03.cpp">
      <Filter>源文件\OJ练习\练习题第4次（类的小小综合%29</Filter>
    </ClCompile>
    <ClCompile Include="类的综合题04.cpp">
      <Filter>源文件\OJ练习\练习题第4次（类的小小综合%29</Filter>
    </ClCompile>
    <ClCompile Include="类的基础题4.cpp">
      <Filter>源文件\OJ练习\练习题第2次（类的基础题）</Filter>
    </ClCompile>
    <ClCompile Include="静态成员02.cpp">
      <Filter>源文件\OJ练习\练习题第5次（静态成员）</Filter>
    </ClCompile>
    <ClCompile Include="构造函数和虚构函数04.cpp">
      <Filter>源文件\OJ练习\练习题第5次（静态成员）</Filter>
    </ClCompile>
    <ClCompile Include="静态成员01.cpp">
      <Filter>源文件\OJ练习\练习题第5次（静态成员）</Filter>
    </ClCompile>
    <ClCompile Include="学生类.cpp">
      <Filter>源文件\OJ练习\练习题第2次（类的基础题）</Filter>
    </ClCompile>
    <ClCompile Include="book.cpp">
      <Filter>源文件\C++primer中的代码</Filter>
    </ClCompile>
    <ClCompile Include="对象数组01.cpp">
      <Filter>源文件\OJ练习\练习题第6次（对象数组和对象指针%29</Filter>
    </ClCompile>
    <ClCompile Include="对象指针01.cpp">
      <Filter>源文件\OJ练习\练习题第6次（对象数组和对象指针%29</Filter>
    </ClCompile>
    <ClCompile Include="对象指针02.cpp">
      <Filter>源文件\OJ练习\练习题第6次（对象数组和对象指针%29</Filter>
    </ClCompile>
    <ClCompile Include="01星号阵列-杠铃.cpp">
      <Filter>源文件\OJ练习\19cpp上机考试A卷转普通练习</Filter>
    </ClCompile>
    <ClCompile Include="02字符串排序.cpp">
      <Filter>源文件\OJ练习\19cpp上机考试A卷转普通练习</Filter>
    </ClCompile>
    <ClCompile Include="08数字问题.cpp">
      <Filter>源文件\OJ练习\练习题第1次（智商康复训练）</Filter>
    </ClCompile>
    <ClCompile Include="03倍数问题.cpp">
      <Filter>源文件\OJ练习\练习题第1次（智商康复训练）</Filter>
    </ClCompile>
    <ClCompile Include="学生类02.cpp">
      <Filter>源文件\OJ练习\练习题第2次（类的基础题）</Filter>
    </ClCompile>
    <ClCompile Include="长方形类.cpp">
      <Filter>源文件\OJ练习\练习题第2次（类的基础题）</Filter>
    </ClCompile>
    <ClCompile Include="01.cpp">
      <Filter>源文件\OJ练习\19-20%282%29第2次线上赛</Filter>
    </ClCompile>
    <ClCompile Include="02.cpp">
      <Filter>源文件\OJ练习\19-20%282%29第2次线上赛</Filter>
    </ClCompile>
    <ClCompile Include="03.cpp">
      <Filter>源文件\OJ练习\19-20%282%29第2次线上赛</Filter>
    </ClCompile>
    <ClCompile Include="04pp.cpp">
      <Filter>源文件\OJ练习\19-20%282%29第2次线上赛</Filter>
    </ClCompile>
    <ClCompile Include="线上赛打卡题1-星号阵列.cpp">
      <Filter>源文件\OJ练习\19-20%282%29第1次线上赛</Filter>
    </ClCompile>
    <ClCompile Include="对象数组02.cpp">
      <Filter>源文件\OJ练习\练习题第7次（链表）</Filter>
    </ClCompile>
    <ClCompile Include="链表-1 建立、增加节点（尾部）、遍历.cpp">
      <Filter>源文件\OJ练习\练习题第7次（链表）</Filter>
    </ClCompile>
    <ClCompile Include="类模板.cpp">
      <Filter>源文件\OJ练习\练习题第8次（类模板、成员函数模板）</Filter>
    </ClCompile>
    <ClCompile Include="成员函数模板01.cpp">
      <Filter>源文件\OJ练习\练习题第8次（类模板、成员函数模板）</Filter>
    </ClCompile>
    <ClCompile Include="成员函数模板02.cpp">
      <Filter>源文件\OJ练习\练习题第8次（类模板、成员函数模板）</Filter>
    </ClCompile>
    <ClCompile Include="友元函数01.cpp">
      <Filter>源文件\OJ练习\练习题第9次（友元函数、友元类）</Filter>
    </ClCompile>
  </ItemGroup>
</Project>